
Microsoft Visual Studio Solution File, Format Version 12.00
# Visual Studio Version 17
VisualStudioVersion = 17.1.32319.34
MinimumVisualStudioVersion = 10.0.40219.1
Project("{9A19103F-16F7-4668-BE54-9A1E7A4F7556}") = "Starlight.NUnit", "Starlight.NUnit\Starlight.NUnit.csproj", "{C574ECB0-CA19-4B75-A5F4-8A65E4FB04E9}"
EndProject
Project("{2150E333-8FDC-42A3-9474-1A3956D46DE8}") = "src", "src", "{B9834B9A-FC3D-4A9B-A1B1-72F1A3166B98}"
EndProject
Project("{2150E333-8FDC-42A3-9474-1A3956D46DE8}") = "tests", "tests", "{6FE22B15-03BE-44CF-8B1C-7E403C377CFE}"
EndProject
Project("{9A19103F-16F7-4668-BE54-9A1E7A4F7556}") = "Starlight.SystemTests", "Starlight.SystemTests\Starlight.SystemTests.csproj", "{DA3BD182-B30F-4FEA-88E0-C97065ECDE3D}"
EndProject
Project("{9A19103F-16F7-4668-BE54-9A1E7A4F7556}") = "Starlight.Web", "Starlight.Web\Starlight.Web.csproj", "{D50CD5B8-6959-4AF1-8391-8AE33F572DE6}"
EndProject
Project("{9A19103F-16F7-4668-BE54-9A1E7A4F7556}") = "Starlight.Desktop", "Starlight.Desktop\Starlight.Desktop.csproj", "{47224D27-4C1B-4DDE-9FA1-C1A15BBCFBF1}"
EndProject
Project("{9A19103F-16F7-4668-BE54-9A1E7A4F7556}") = "Starlight.Mobile", "Starlight.Mobile\Starlight.Mobile.csproj", "{3F3FA18F-5D02-46A0-89D5-61C0C35BCDF3}"
EndProject
Project("{9A19103F-16F7-4668-BE54-9A1E7A4F7556}") = "Starlight.Rest", "Starlight.Rest\Starlight.Rest.csproj", "{29FF7595-566F-413B-BE75-34A5F91A1AE8}"
EndProject
Project("{9A19103F-16F7-4668-BE54-9A1E7A4F7556}") = "Starlight.Containter", "Starlight.Containter\Starlight.Containter.csproj", "{EF26738B-50C9-4E44-A38D-835DA4D9E5B1}"
EndProject
Project("{9A19103F-16F7-4668-BE54-9A1E7A4F7556}") = "Starlight.App", "Starlight.App\Starlight.App.csproj", "{EAEA823E-E1A4-41C0-ABBA-634A8455F7EA}"
EndProject
Project("{9A19103F-16F7-4668-BE54-9A1E7A4F7556}") = "Starlight.Configuration", "Starlight.Configuration\Starlight.Configuration.csproj", "{A9D2B22E-B368-4397-B2F2-E1FBC4F7255F}"
EndProject
Project("{9A19103F-16F7-4668-BE54-9A1E7A4F7556}") = "Starlight.Logging", "Starlight.Logging\Starlight.Logging.csproj", "{E1E5FDAB-5B89-494C-ACDC-3B45A6C321BF}"
EndProject
Project("{2150E333-8FDC-42A3-9474-1A3956D46DE8}") = "core", "core", "{09A71CFA-C45A-44D9-AD17-01BEDB4644C9}"
EndProject
Project("{2150E333-8FDC-42A3-9474-1A3956D46DE8}") = "web", "web", "{0BA4DBA9-1506-49C4-9552-4AF92B8FC24B}"
EndProject
Project("{2150E333-8FDC-42A3-9474-1A3956D46DE8}") = "mobile", "mobile", "{F2B12797-D464-4FF2-98F6-BAAEBAF9A21F}"
EndProject
Project("{2150E333-8FDC-42A3-9474-1A3956D46DE8}") = "rest", "rest", "{8BE73E4D-171B-4FB5-9820-6DA7E74D3772}"
EndProject
Project("{2150E333-8FDC-42A3-9474-1A3956D46DE8}") = "desktop", "desktop", "{EF41E797-6E2D-4EF2-A72F-D059BA8AB831}"
EndProject
Project("{9A19103F-16F7-4668-BE54-9A1E7A4F7556}") = "Starlight.Plugins", "Starlight.Plugins\Starlight.Plugins.csproj", "{84DD3AC7-EDA2-4761-A5E2-0C02B8ABEC57}"
EndProject
Project("{9A19103F-16F7-4668-BE54-9A1E7A4F7556}") = "Starlight.Plugins.Screenshot", "Starlight.Plugin.Screenshots\Starlight.Plugins.Screenshot.csproj", "{2FA4249E-D022-42CA-ADA3-EC9F6FB4DEFB}"
EndProject
Project("{9A19103F-16F7-4668-BE54-9A1E7A4F7556}") = "Starlight.Plugins.VideoRecording", "Starlight.Plugins.VideoRecording\Starlight.Plugins.VideoRecording.csproj", "{5C3D0EEB-4D3E-45F6-8860-59101214D833}"
EndProject
Project("{2150E333-8FDC-42A3-9474-1A3956D46DE8}") = "Solution Items", "Solution Items", "{ED1A5686-850F-4276-AEFF-73C2BA346378}"
	ProjectSection(SolutionItems) = preProject
		.editorconfig = .editorconfig
		..\..\..\Desktop\requirements.txt = ..\..\..\Desktop\requirements.txt
		sharedinfo.targets = sharedinfo.targets
		..\..\..\Downloads\starlight_icon.png = ..\..\..\Downloads\starlight_icon.png
		stylecop.json = stylecop.json
		StyleCopeRules.ruleset = StyleCopeRules.ruleset
	EndProjectSection
EndProject
Project("{9A19103F-16F7-4668-BE54-9A1E7A4F7556}") = "Starlight.Web.Plugins.Browser", "Starlight.Web.Plugins.Browser\Starlight.Web.Plugins.Browser.csproj", "{7B04A90D-E328-4DBB-97CA-8C2CA7628DB1}"
EndProject
Project("{9A19103F-16F7-4668-BE54-9A1E7A4F7556}") = "Starlight.Desktop.Plugins", "Starlight.Desktop.Plugins\Starlight.Desktop.Plugins.csproj", "{37DC0610-E23A-41CD-A37F-2A4609228E44}"
EndProject
Project("{9A19103F-16F7-4668-BE54-9A1E7A4F7556}") = "Starlight.Mobile.Plugins", "Starlight.Mobile.Plugins\Starlight.Mobile.Plugins.csproj", "{F1948D7B-8DE8-4488-9DA3-7A9CCABD8F54}"
EndProject
Project("{9A19103F-16F7-4668-BE54-9A1E7A4F7556}") = "Starlight.Rest.Plugins", "Starlight.Rest.Plugins\Starlight.Rest.Plugins.csproj", "{0D999B5C-3274-44C2-9A5D-9FCE9C06EABD}"
EndProject
Project("{9A19103F-16F7-4668-BE54-9A1E7A4F7556}") = "Starlight.Web.Proxy", "Starlight.Web.Proxy\Starlight.Web.Proxy.csproj", "{4C5FB87F-42A0-431C-8CD1-3EC9D857052E}"
EndProject
Project("{9A19103F-16F7-4668-BE54-9A1E7A4F7556}") = "Starlight.Utilities", "Starlight.Utilities\Starlight.Utilities.csproj", "{99D80CDF-3256-49DA-8332-A89C1BBC0BBA}"
EndProject
Global
	GlobalSection(SolutionConfigurationPlatforms) = preSolution
		Debug|Any CPU = Debug|Any CPU
		Local|Any CPU = Local|Any CPU
		QA|Any CPU = QA|Any CPU
		Release|Any CPU = Release|Any CPU
	EndGlobalSection
	GlobalSection(ProjectConfigurationPlatforms) = postSolution
		{C574ECB0-CA19-4B75-A5F4-8A65E4FB04E9}.Debug|Any CPU.ActiveCfg = Debug|Any CPU
		{C574ECB0-CA19-4B75-A5F4-8A65E4FB04E9}.Debug|Any CPU.Build.0 = Debug|Any CPU
		{C574ECB0-CA19-4B75-A5F4-8A65E4FB04E9}.Local|Any CPU.ActiveCfg = Local|Any CPU
		{C574ECB0-CA19-4B75-A5F4-8A65E4FB04E9}.Local|Any CPU.Build.0 = Local|Any CPU
		{C574ECB0-CA19-4B75-A5F4-8A65E4FB04E9}.QA|Any CPU.ActiveCfg = QA|Any CPU
		{C574ECB0-CA19-4B75-A5F4-8A65E4FB04E9}.QA|Any CPU.Build.0 = QA|Any CPU
		{C574ECB0-CA19-4B75-A5F4-8A65E4FB04E9}.Release|Any CPU.ActiveCfg = Local|Any CPU
		{C574ECB0-CA19-4B75-A5F4-8A65E4FB04E9}.Release|Any CPU.Build.0 = Local|Any CPU
		{DA3BD182-B30F-4FEA-88E0-C97065ECDE3D}.Debug|Any CPU.ActiveCfg = Debug|Any CPU
		{DA3BD182-B30F-4FEA-88E0-C97065ECDE3D}.Debug|Any CPU.Build.0 = Debug|Any CPU
		{DA3BD182-B30F-4FEA-88E0-C97065ECDE3D}.Local|Any CPU.ActiveCfg = Local|Any CPU
		{DA3BD182-B30F-4FEA-88E0-C97065ECDE3D}.Local|Any CPU.Build.0 = Local|Any CPU
		{DA3BD182-B30F-4FEA-88E0-C97065ECDE3D}.QA|Any CPU.ActiveCfg = QA|Any CPU
		{DA3BD182-B30F-4FEA-88E0-C97065ECDE3D}.QA|Any CPU.Build.0 = QA|Any CPU
		{DA3BD182-B30F-4FEA-88E0-C97065ECDE3D}.Release|Any CPU.ActiveCfg = Release|Any CPU
		{DA3BD182-B30F-4FEA-88E0-C97065ECDE3D}.Release|Any CPU.Build.0 = Release|Any CPU
		{D50CD5B8-6959-4AF1-8391-8AE33F572DE6}.Debug|Any CPU.ActiveCfg = Debug|Any CPU
		{D50CD5B8-6959-4AF1-8391-8AE33F572DE6}.Debug|Any CPU.Build.0 = Debug|Any CPU
		{D50CD5B8-6959-4AF1-8391-8AE33F572DE6}.Local|Any CPU.ActiveCfg = Local|Any CPU
		{D50CD5B8-6959-4AF1-8391-8AE33F572DE6}.Local|Any CPU.Build.0 = Local|Any CPU
		{D50CD5B8-6959-4AF1-8391-8AE33F572DE6}.QA|Any CPU.ActiveCfg = QA|Any CPU
		{D50CD5B8-6959-4AF1-8391-8AE33F572DE6}.QA|Any CPU.Build.0 = QA|Any CPU
		{D50CD5B8-6959-4AF1-8391-8AE33F572DE6}.Release|Any CPU.ActiveCfg = Local|Any CPU
		{D50CD5B8-6959-4AF1-8391-8AE33F572DE6}.Release|Any CPU.Build.0 = Local|Any CPU
		{47224D27-4C1B-4DDE-9FA1-C1A15BBCFBF1}.Debug|Any CPU.ActiveCfg = Debug|Any CPU
		{47224D27-4C1B-4DDE-9FA1-C1A15BBCFBF1}.Debug|Any CPU.Build.0 = Debug|Any CPU
		{47224D27-4C1B-4DDE-9FA1-C1A15BBCFBF1}.Local|Any CPU.ActiveCfg = Local|Any CPU
		{47224D27-4C1B-4DDE-9FA1-C1A15BBCFBF1}.Local|Any CPU.Build.0 = Local|Any CPU
		{47224D27-4C1B-4DDE-9FA1-C1A15BBCFBF1}.QA|Any CPU.ActiveCfg = QA|Any CPU
		{47224D27-4C1B-4DDE-9FA1-C1A15BBCFBF1}.QA|Any CPU.Build.0 = QA|Any CPU
		{47224D27-4C1B-4DDE-9FA1-C1A15BBCFBF1}.Release|Any CPU.ActiveCfg = Local|Any CPU
		{47224D27-4C1B-4DDE-9FA1-C1A15BBCFBF1}.Release|Any CPU.Build.0 = Local|Any CPU
		{3F3FA18F-5D02-46A0-89D5-61C0C35BCDF3}.Debug|Any CPU.ActiveCfg = Debug|Any CPU
		{3F3FA18F-5D02-46A0-89D5-61C0C35BCDF3}.Debug|Any CPU.Build.0 = Debug|Any CPU
		{3F3FA18F-5D02-46A0-89D5-61C0C35BCDF3}.Local|Any CPU.ActiveCfg = Local|Any CPU
		{3F3FA18F-5D02-46A0-89D5-61C0C35BCDF3}.Local|Any CPU.Build.0 = Local|Any CPU
		{3F3FA18F-5D02-46A0-89D5-61C0C35BCDF3}.QA|Any CPU.ActiveCfg = QA|Any CPU
		{3F3FA18F-5D02-46A0-89D5-61C0C35BCDF3}.QA|Any CPU.Build.0 = QA|Any CPU
		{3F3FA18F-5D02-46A0-89D5-61C0C35BCDF3}.Release|Any CPU.ActiveCfg = Local|Any CPU
		{3F3FA18F-5D02-46A0-89D5-61C0C35BCDF3}.Release|Any CPU.Build.0 = Local|Any CPU
		{29FF7595-566F-413B-BE75-34A5F91A1AE8}.Debug|Any CPU.ActiveCfg = Debug|Any CPU
		{29FF7595-566F-413B-BE75-34A5F91A1AE8}.Debug|Any CPU.Build.0 = Debug|Any CPU
		{29FF7595-566F-413B-BE75-34A5F91A1AE8}.Local|Any CPU.ActiveCfg = Local|Any CPU
		{29FF7595-566F-413B-BE75-34A5F91A1AE8}.Local|Any CPU.Build.0 = Local|Any CPU
		{29FF7595-566F-413B-BE75-34A5F91A1AE8}.QA|Any CPU.ActiveCfg = QA|Any CPU
		{29FF7595-566F-413B-BE75-34A5F91A1AE8}.QA|Any CPU.Build.0 = QA|Any CPU
		{29FF7595-566F-413B-BE75-34A5F91A1AE8}.Release|Any CPU.ActiveCfg = Local|Any CPU
		{29FF7595-566F-413B-BE75-34A5F91A1AE8}.Release|Any CPU.Build.0 = Local|Any CPU
		{EF26738B-50C9-4E44-A38D-835DA4D9E5B1}.Debug|Any CPU.ActiveCfg = Debug|Any CPU
		{EF26738B-50C9-4E44-A38D-835DA4D9E5B1}.Debug|Any CPU.Build.0 = Debug|Any CPU
		{EF26738B-50C9-4E44-A38D-835DA4D9E5B1}.Local|Any CPU.ActiveCfg = Local|Any CPU
		{EF26738B-50C9-4E44-A38D-835DA4D9E5B1}.Local|Any CPU.Build.0 = Local|Any CPU
		{EF26738B-50C9-4E44-A38D-835DA4D9E5B1}.QA|Any CPU.ActiveCfg = QA|Any CPU
		{EF26738B-50C9-4E44-A38D-835DA4D9E5B1}.QA|Any CPU.Build.0 = QA|Any CPU
		{EF26738B-50C9-4E44-A38D-835DA4D9E5B1}.Release|Any CPU.ActiveCfg = Local|Any CPU
		{EF26738B-50C9-4E44-A38D-835DA4D9E5B1}.Release|Any CPU.Build.0 = Local|Any CPU
		{EAEA823E-E1A4-41C0-ABBA-634A8455F7EA}.Debug|Any CPU.ActiveCfg = Debug|Any CPU
		{EAEA823E-E1A4-41C0-ABBA-634A8455F7EA}.Debug|Any CPU.Build.0 = Debug|Any CPU
		{EAEA823E-E1A4-41C0-ABBA-634A8455F7EA}.Local|Any CPU.ActiveCfg = Local|Any CPU
		{EAEA823E-E1A4-41C0-ABBA-634A8455F7EA}.Local|Any CPU.Build.0 = Local|Any CPU
		{EAEA823E-E1A4-41C0-ABBA-634A8455F7EA}.QA|Any CPU.ActiveCfg = QA|Any CPU
		{EAEA823E-E1A4-41C0-ABBA-634A8455F7EA}.QA|Any CPU.Build.0 = QA|Any CPU
		{EAEA823E-E1A4-41C0-ABBA-634A8455F7EA}.Release|Any CPU.ActiveCfg = Local|Any CPU
		{EAEA823E-E1A4-41C0-ABBA-634A8455F7EA}.Release|Any CPU.Build.0 = Local|Any CPU
		{A9D2B22E-B368-4397-B2F2-E1FBC4F7255F}.Debug|Any CPU.ActiveCfg = Debug|Any CPU
		{A9D2B22E-B368-4397-B2F2-E1FBC4F7255F}.Debug|Any CPU.Build.0 = Debug|Any CPU
		{A9D2B22E-B368-4397-B2F2-E1FBC4F7255F}.Local|Any CPU.ActiveCfg = Local|Any CPU
		{A9D2B22E-B368-4397-B2F2-E1FBC4F7255F}.Local|Any CPU.Build.0 = Local|Any CPU
		{A9D2B22E-B368-4397-B2F2-E1FBC4F7255F}.QA|Any CPU.ActiveCfg = QA|Any CPU
		{A9D2B22E-B368-4397-B2F2-E1FBC4F7255F}.QA|Any CPU.Build.0 = QA|Any CPU
		{A9D2B22E-B368-4397-B2F2-E1FBC4F7255F}.Release|Any CPU.ActiveCfg = Local|Any CPU
		{A9D2B22E-B368-4397-B2F2-E1FBC4F7255F}.Release|Any CPU.Build.0 = Local|Any CPU
		{E1E5FDAB-5B89-494C-ACDC-3B45A6C321BF}.Debug|Any CPU.ActiveCfg = Debug|Any CPU
		{E1E5FDAB-5B89-494C-ACDC-3B45A6C321BF}.Debug|Any CPU.Build.0 = Debug|Any CPU
		{E1E5FDAB-5B89-494C-ACDC-3B45A6C321BF}.Local|Any CPU.ActiveCfg = Local|Any CPU
		{E1E5FDAB-5B89-494C-ACDC-3B45A6C321BF}.Local|Any CPU.Build.0 = Local|Any CPU
		{E1E5FDAB-5B89-494C-ACDC-3B45A6C321BF}.QA|Any CPU.ActiveCfg = QA|Any CPU
		{E1E5FDAB-5B89-494C-ACDC-3B45A6C321BF}.QA|Any CPU.Build.0 = QA|Any CPU
		{E1E5FDAB-5B89-494C-ACDC-3B45A6C321BF}.Release|Any CPU.ActiveCfg = Local|Any CPU
		{E1E5FDAB-5B89-494C-ACDC-3B45A6C321BF}.Release|Any CPU.Build.0 = Local|Any CPU
		{84DD3AC7-EDA2-4761-A5E2-0C02B8ABEC57}.Debug|Any CPU.ActiveCfg = Debug|Any CPU
		{84DD3AC7-EDA2-4761-A5E2-0C02B8ABEC57}.Debug|Any CPU.Build.0 = Debug|Any CPU
		{84DD3AC7-EDA2-4761-A5E2-0C02B8ABEC57}.Local|Any CPU.ActiveCfg = Local|Any CPU
		{84DD3AC7-EDA2-4761-A5E2-0C02B8ABEC57}.Local|Any CPU.Build.0 = Local|Any CPU
		{84DD3AC7-EDA2-4761-A5E2-0C02B8ABEC57}.QA|Any CPU.ActiveCfg = QA|Any CPU
		{84DD3AC7-EDA2-4761-A5E2-0C02B8ABEC57}.QA|Any CPU.Build.0 = QA|Any CPU
		{84DD3AC7-EDA2-4761-A5E2-0C02B8ABEC57}.Release|Any CPU.ActiveCfg = Local|Any CPU
		{84DD3AC7-EDA2-4761-A5E2-0C02B8ABEC57}.Release|Any CPU.Build.0 = Local|Any CPU
		{2FA4249E-D022-42CA-ADA3-EC9F6FB4DEFB}.Debug|Any CPU.ActiveCfg = Debug|Any CPU
		{2FA4249E-D022-42CA-ADA3-EC9F6FB4DEFB}.Debug|Any CPU.Build.0 = Debug|Any CPU
		{2FA4249E-D022-42CA-ADA3-EC9F6FB4DEFB}.Local|Any CPU.ActiveCfg = Local|Any CPU
		{2FA4249E-D022-42CA-ADA3-EC9F6FB4DEFB}.Local|Any CPU.Build.0 = Local|Any CPU
		{2FA4249E-D022-42CA-ADA3-EC9F6FB4DEFB}.QA|Any CPU.ActiveCfg = QA|Any CPU
		{2FA4249E-D022-42CA-ADA3-EC9F6FB4DEFB}.QA|Any CPU.Build.0 = QA|Any CPU
		{2FA4249E-D022-42CA-ADA3-EC9F6FB4DEFB}.Release|Any CPU.ActiveCfg = Local|Any CPU
		{2FA4249E-D022-42CA-ADA3-EC9F6FB4DEFB}.Release|Any CPU.Build.0 = Local|Any CPU
		{5C3D0EEB-4D3E-45F6-8860-59101214D833}.Debug|Any CPU.ActiveCfg = Debug|Any CPU
		{5C3D0EEB-4D3E-45F6-8860-59101214D833}.Debug|Any CPU.Build.0 = Debug|Any CPU
		{5C3D0EEB-4D3E-45F6-8860-59101214D833}.Local|Any CPU.ActiveCfg = Local|Any CPU
		{5C3D0EEB-4D3E-45F6-8860-59101214D833}.Local|Any CPU.Build.0 = Local|Any CPU
		{5C3D0EEB-4D3E-45F6-8860-59101214D833}.QA|Any CPU.ActiveCfg = QA|Any CPU
		{5C3D0EEB-4D3E-45F6-8860-59101214D833}.QA|Any CPU.Build.0 = QA|Any CPU
		{5C3D0EEB-4D3E-45F6-8860-59101214D833}.Release|Any CPU.ActiveCfg = Local|Any CPU
		{5C3D0EEB-4D3E-45F6-8860-59101214D833}.Release|Any CPU.Build.0 = Local|Any CPU
		{7B04A90D-E328-4DBB-97CA-8C2CA7628DB1}.Debug|Any CPU.ActiveCfg = Debug|Any CPU
		{7B04A90D-E328-4DBB-97CA-8C2CA7628DB1}.Debug|Any CPU.Build.0 = Debug|Any CPU
		{7B04A90D-E328-4DBB-97CA-8C2CA7628DB1}.Local|Any CPU.ActiveCfg = Local|Any CPU
		{7B04A90D-E328-4DBB-97CA-8C2CA7628DB1}.Local|Any CPU.Build.0 = Local|Any CPU
		{7B04A90D-E328-4DBB-97CA-8C2CA7628DB1}.QA|Any CPU.ActiveCfg = QA|Any CPU
		{7B04A90D-E328-4DBB-97CA-8C2CA7628DB1}.QA|Any CPU.Build.0 = QA|Any CPU
		{7B04A90D-E328-4DBB-97CA-8C2CA7628DB1}.Release|Any CPU.ActiveCfg = Local|Any CPU
		{7B04A90D-E328-4DBB-97CA-8C2CA7628DB1}.Release|Any CPU.Build.0 = Local|Any CPU
		{37DC0610-E23A-41CD-A37F-2A4609228E44}.Debug|Any CPU.ActiveCfg = Debug|Any CPU
		{37DC0610-E23A-41CD-A37F-2A4609228E44}.Debug|Any CPU.Build.0 = Debug|Any CPU
		{37DC0610-E23A-41CD-A37F-2A4609228E44}.Local|Any CPU.ActiveCfg = Local|Any CPU
		{37DC0610-E23A-41CD-A37F-2A4609228E44}.Local|Any CPU.Build.0 = Local|Any CPU
		{37DC0610-E23A-41CD-A37F-2A4609228E44}.QA|Any CPU.ActiveCfg = QA|Any CPU
		{37DC0610-E23A-41CD-A37F-2A4609228E44}.QA|Any CPU.Build.0 = QA|Any CPU
		{37DC0610-E23A-41CD-A37F-2A4609228E44}.Release|Any CPU.ActiveCfg = Local|Any CPU
		{37DC0610-E23A-41CD-A37F-2A4609228E44}.Release|Any CPU.Build.0 = Local|Any CPU
		{F1948D7B-8DE8-4488-9DA3-7A9CCABD8F54}.Debug|Any CPU.ActiveCfg = Debug|Any CPU
		{F1948D7B-8DE8-4488-9DA3-7A9CCABD8F54}.Debug|Any CPU.Build.0 = Debug|Any CPU
		{F1948D7B-8DE8-4488-9DA3-7A9CCABD8F54}.Local|Any CPU.ActiveCfg = Local|Any CPU
		{F1948D7B-8DE8-4488-9DA3-7A9CCABD8F54}.Local|Any CPU.Build.0 = Local|Any CPU
		{F1948D7B-8DE8-4488-9DA3-7A9CCABD8F54}.QA|Any CPU.ActiveCfg = QA|Any CPU
		{F1948D7B-8DE8-4488-9DA3-7A9CCABD8F54}.QA|Any CPU.Build.0 = QA|Any CPU
		{F1948D7B-8DE8-4488-9DA3-7A9CCABD8F54}.Release|Any CPU.ActiveCfg = Local|Any CPU
		{F1948D7B-8DE8-4488-9DA3-7A9CCABD8F54}.Release|Any CPU.Build.0 = Local|Any CPU
		{0D999B5C-3274-44C2-9A5D-9FCE9C06EABD}.Debug|Any CPU.ActiveCfg = Debug|Any CPU
		{0D999B5C-3274-44C2-9A5D-9FCE9C06EABD}.Debug|Any CPU.Build.0 = Debug|Any CPU
		{0D999B5C-3274-44C2-9A5D-9FCE9C06EABD}.Local|Any CPU.ActiveCfg = Local|Any CPU
		{0D999B5C-3274-44C2-9A5D-9FCE9C06EABD}.Local|Any CPU.Build.0 = Local|Any CPU
		{0D999B5C-3274-44C2-9A5D-9FCE9C06EABD}.QA|Any CPU.ActiveCfg = QA|Any CPU
		{0D999B5C-3274-44C2-9A5D-9FCE9C06EABD}.QA|Any CPU.Build.0 = QA|Any CPU
		{0D999B5C-3274-44C2-9A5D-9FCE9C06EABD}.Release|Any CPU.ActiveCfg = Local|Any CPU
		{0D999B5C-3274-44C2-9A5D-9FCE9C06EABD}.Release|Any CPU.Build.0 = Local|Any CPU
		{4C5FB87F-42A0-431C-8CD1-3EC9D857052E}.Debug|Any CPU.ActiveCfg = Debug|Any CPU
		{4C5FB87F-42A0-431C-8CD1-3EC9D857052E}.Debug|Any CPU.Build.0 = Debug|Any CPU
		{4C5FB87F-42A0-431C-8CD1-3EC9D857052E}.Local|Any CPU.ActiveCfg = Local|Any CPU
		{4C5FB87F-42A0-431C-8CD1-3EC9D857052E}.Local|Any CPU.Build.0 = Local|Any CPU
		{4C5FB87F-42A0-431C-8CD1-3EC9D857052E}.QA|Any CPU.ActiveCfg = QA|Any CPU
		{4C5FB87F-42A0-431C-8CD1-3EC9D857052E}.QA|Any CPU.Build.0 = QA|Any CPU
		{4C5FB87F-42A0-431C-8CD1-3EC9D857052E}.Release|Any CPU.ActiveCfg = Local|Any CPU
		{4C5FB87F-42A0-431C-8CD1-3EC9D857052E}.Release|Any CPU.Build.0 = Local|Any CPU
		{99D80CDF-3256-49DA-8332-A89C1BBC0BBA}.Debug|Any CPU.ActiveCfg = Debug|Any CPU
		{99D80CDF-3256-49DA-8332-A89C1BBC0BBA}.Debug|Any CPU.Build.0 = Debug|Any CPU
		{99D80CDF-3256-49DA-8332-A89C1BBC0BBA}.Local|Any CPU.ActiveCfg = Local|Any CPU
		{99D80CDF-3256-49DA-8332-A89C1BBC0BBA}.Local|Any CPU.Build.0 = Local|Any CPU
		{99D80CDF-3256-49DA-8332-A89C1BBC0BBA}.QA|Any CPU.ActiveCfg = Debug|Any CPU
		{99D80CDF-3256-49DA-8332-A89C1BBC0BBA}.QA|Any CPU.Build.0 = Debug|Any CPU
		{99D80CDF-3256-49DA-8332-A89C1BBC0BBA}.Release|Any CPU.ActiveCfg = Release|Any CPU
		{99D80CDF-3256-49DA-8332-A89C1BBC0BBA}.Release|Any CPU.Build.0 = Release|Any CPU
	EndGlobalSection
	GlobalSection(SolutionProperties) = preSolution
		HideSolutionNode = FALSE
	EndGlobalSection
	GlobalSection(NestedProjects) = preSolution
		{C574ECB0-CA19-4B75-A5F4-8A65E4FB04E9} = {09A71CFA-C45A-44D9-AD17-01BEDB4644C9}
		{DA3BD182-B30F-4FEA-88E0-C97065ECDE3D} = {6FE22B15-03BE-44CF-8B1C-7E403C377CFE}
		{D50CD5B8-6959-4AF1-8391-8AE33F572DE6} = {0BA4DBA9-1506-49C4-9552-4AF92B8FC24B}
		{47224D27-4C1B-4DDE-9FA1-C1A15BBCFBF1} = {EF41E797-6E2D-4EF2-A72F-D059BA8AB831}
		{3F3FA18F-5D02-46A0-89D5-61C0C35BCDF3} = {F2B12797-D464-4FF2-98F6-BAAEBAF9A21F}
		{29FF7595-566F-413B-BE75-34A5F91A1AE8} = {8BE73E4D-171B-4FB5-9820-6DA7E74D3772}
		{EF26738B-50C9-4E44-A38D-835DA4D9E5B1} = {09A71CFA-C45A-44D9-AD17-01BEDB4644C9}
		{EAEA823E-E1A4-41C0-ABBA-634A8455F7EA} = {09A71CFA-C45A-44D9-AD17-01BEDB4644C9}
		{A9D2B22E-B368-4397-B2F2-E1FBC4F7255F} = {09A71CFA-C45A-44D9-AD17-01BEDB4644C9}
		{E1E5FDAB-5B89-494C-ACDC-3B45A6C321BF} = {09A71CFA-C45A-44D9-AD17-01BEDB4644C9}
		{09A71CFA-C45A-44D9-AD17-01BEDB4644C9} = {B9834B9A-FC3D-4A9B-A1B1-72F1A3166B98}
		{0BA4DBA9-1506-49C4-9552-4AF92B8FC24B} = {B9834B9A-FC3D-4A9B-A1B1-72F1A3166B98}
		{F2B12797-D464-4FF2-98F6-BAAEBAF9A21F} = {B9834B9A-FC3D-4A9B-A1B1-72F1A3166B98}
		{8BE73E4D-171B-4FB5-9820-6DA7E74D3772} = {B9834B9A-FC3D-4A9B-A1B1-72F1A3166B98}
		{EF41E797-6E2D-4EF2-A72F-D059BA8AB831} = {B9834B9A-FC3D-4A9B-A1B1-72F1A3166B98}
		{84DD3AC7-EDA2-4761-A5E2-0C02B8ABEC57} = {09A71CFA-C45A-44D9-AD17-01BEDB4644C9}
		{2FA4249E-D022-42CA-ADA3-EC9F6FB4DEFB} = {09A71CFA-C45A-44D9-AD17-01BEDB4644C9}
		{5C3D0EEB-4D3E-45F6-8860-59101214D833} = {09A71CFA-C45A-44D9-AD17-01BEDB4644C9}
		{7B04A90D-E328-4DBB-97CA-8C2CA7628DB1} = {0BA4DBA9-1506-49C4-9552-4AF92B8FC24B}
		{37DC0610-E23A-41CD-A37F-2A4609228E44} = {EF41E797-6E2D-4EF2-A72F-D059BA8AB831}
		{F1948D7B-8DE8-4488-9DA3-7A9CCABD8F54} = {F2B12797-D464-4FF2-98F6-BAAEBAF9A21F}
		{0D999B5C-3274-44C2-9A5D-9FCE9C06EABD} = {8BE73E4D-171B-4FB5-9820-6DA7E74D3772}
		{4C5FB87F-42A0-431C-8CD1-3EC9D857052E} = {0BA4DBA9-1506-49C4-9552-4AF92B8FC24B}
		{99D80CDF-3256-49DA-8332-A89C1BBC0BBA} = {09A71CFA-C45A-44D9-AD17-01BEDB4644C9}
	EndGlobalSection
	GlobalSection(ExtensibilityGlobals) = postSolution
		SolutionGuid = {DB8814A7-0BD8-42A7-8572-EAC39EC42D3C}
	EndGlobalSection
EndGlobal
